
Microsoft Visual Studio Solution File, Format Version 12.00
# Visual Studio Version 17
VisualStudioVersion = 17.5.33516.290
MinimumVisualStudioVersion = 10.0.40219.1
Project("{FAE04EC0-301F-11D3-BF4B-00C04F79EFBC}") = "NexumChallange", "NexumChallange\NexumChallange.csproj", "{364B1D93-D9A7-4657-A649-7464FFF392AA}"
EndProject
Global
	GlobalSection(SolutionConfigurationPlatforms) = preSolution
		Debug|Any CPU = Debug|Any CPU
		Release|Any CPU = Release|Any CPU
	EndGlobalSection
	GlobalSection(ProjectConfigurationPlatforms) = postSolution
		{364B1D93-D9A7-4657-A649-7464FFF392AA}.Debug|Any CPU.ActiveCfg = Debug|Any CPU
		{364B1D93-D9A7-4657-A649-7464FFF392AA}.Debug|Any CPU.Build.0 = Debug|Any CPU
		{364B1D93-D9A7-4657-A649-7464FFF392AA}.Release|Any CPU.ActiveCfg = Release|Any CPU
		{364B1D93-D9A7-4657-A649-7464FFF392AA}.Release|Any CPU.Build.0 = Release|Any CPU
	EndGlobalSection
	GlobalSection(SolutionProperties) = preSolution
		HideSolutionNode = FALSE
	EndGlobalSection
	GlobalSection(ExtensibilityGlobals) = postSolution
		SolutionGuid = {B26A9D53-8BF5-400F-9D15-0866CD3CAC0A}
	EndGlobalSection
EndGlobal
